// !$*UTF8*$!
{
	archiveVersion = 1;
	classes = {
	};
	objectVersion = 50;
	objects = {

/* Begin PBXBuildFile section */
		025B450921A6790100607301 /* AppDelegate.swift in Sources */ = {isa = PBXBuildFile; fileRef = 025B450821A6790100607301 /* AppDelegate.swift */; };
		025B450B21A6790100607301 /* ViewController.swift in Sources */ = {isa = PBXBuildFile; fileRef = 025B450A21A6790100607301 /* ViewController.swift */; };
		025B450E21A6790100607301 /* Main.storyboard in Resources */ = {isa = PBXBuildFile; fileRef = 025B450C21A6790100607301 /* Main.storyboard */; };
		025B451121A6790100607301 /* DemoScrollPage.xcdatamodeld in Sources */ = {isa = PBXBuildFile; fileRef = 025B450F21A6790100607301 /* DemoScrollPage.xcdatamodeld */; };
		025B451321A6790300607301 /* Assets.xcassets in Resources */ = {isa = PBXBuildFile; fileRef = 025B451221A6790300607301 /* Assets.xcassets */; };
		025B451621A6790300607301 /* LaunchScreen.storyboard in Resources */ = {isa = PBXBuildFile; fileRef = 025B451421A6790300607301 /* LaunchScreen.storyboard */; };
/* End PBXBuildFile section */

/* Begin PBXFileReference section */
		025B450521A6790100607301 /* DemoScrollPage.app */ = {isa = PBXFileReference; explicitFileType = wrapper.application; includeInIndex = 0; path = DemoScrollPage.app; sourceTree = BUILT_PRODUCTS_DIR; };
		025B450821A6790100607301 /* AppDelegate.swift */ = {isa = PBXFileReference; lastKnownFileType = sourcecode.swift; path = AppDelegate.swift; sourceTree = "<group>"; };
		025B450A21A6790100607301 /* ViewController.swift */ = {isa = PBXFileReference; lastKnownFileType = sourcecode.swift; path = ViewController.swift; sourceTree = "<group>"; };
		025B450D21A6790100607301 /* Base */ = {isa = PBXFileReference; lastKnownFileType = file.storyboard; name = Base; path = Base.lproj/Main.storyboard; sourceTree = "<group>"; };
		025B451021A6790100607301 /* DemoScrollPage.xcdatamodel */ = {isa = PBXFileReference; lastKnownFileType = wrapper.xcdatamodel; path = DemoScrollPage.xcdatamodel; sourceTree = "<group>"; };
		025B451221A6790300607301 /* Assets.xcassets */ = {isa = PBXFileReference; lastKnownFileType = folder.assetcatalog; path = Assets.xcassets; sourceTree = "<group>"; };
		025B451521A6790300607301 /* Base */ = {isa = PBXFileReference; lastKnownFileType = file.storyboard; name = Base; path = Base.lproj/LaunchScreen.storyboard; sourceTree = "<group>"; };
		025B451721A6790300607301 /* Info.plist */ = {isa = PBXFileReference; lastKnownFileType = text.plist.xml; path = Info.plist; sourceTree = "<group>"; };
/* End PBXFileReference section */

/* Begin PBXFrameworksBuildPhase section */
		025B450221A6790100607301 /* Frameworks */ = {
			isa = PBXFrameworksBuildPhase;
			buildActionMask = 2147483647;
			files = (
			);
			runOnlyForDeploymentPostprocessing = 0;
		};
/* End PBXFrameworksBuildPhase section */

/* Begin PBXGroup section */
		025B44FC21A6790100607301 = {
			isa = PBXGroup;
			children = (
				025B450721A6790100607301 /* DemoScrollPage */,
				025B450621A6790100607301 /* Products */,
			);
			sourceTree = "<group>";
		};
		025B450621A6790100607301 /* Products */ = {
			isa = PBXGroup;
			children = (
				025B450521A6790100607301 /* DemoScrollPage.app */,
			);
			name = Products;
			sourceTree = "<group>";
		};
		025B450721A6790100607301 /* DemoScrollPage */ = {
			isa = PBXGroup;
			children = (
				025B450821A6790100607301 /* AppDelegate.swift */,
				025B450A21A6790100607301 /* ViewController.swift */,
				025B450C21A6790100607301 /* Main.storyboard */,
				025B451221A6790300607301 /* Assets.xcassets */,
				025B451421A6790300607301 /* LaunchScreen.storyboard */,
				025B451721A6790300607301 /* Info.plist */,
				025B450F21A6790100607301 /* DemoScrollPage.xcdatamodeld */,
			);
			path = DemoScrollPage;
			sourceTree = "<group>";
		};
/* End PBXGroup section */

/* Begin PBXNativeTarget section */
		025B450421A6790100607301 /* DemoScrollPage */ = {
			isa = PBXNativeTarget;
			buildConfigurationList = 025B451A21A6790300607301 /* Build configuration list for PBXNativeTarget "DemoScrollPage" */;
			buildPhases = (
				025B450121A6790100607301 /* Sources */,
				025B450221A6790100607301 /* Frameworks */,
				025B450321A6790100607301 /* Resources */,
			);
			buildRules = (
			);
			dependencies = (
			);
			name = DemoScrollPage;
			productName = DemoScrollPage;
			productReference = 025B450521A6790100607301 /* DemoScrollPage.app */;
			productType = "com.apple.product-type.application";
		};
/* End PBXNativeTarget section */

/* Begin PBXProject section */
		025B44FD21A6790100607301 /* Project object */ = {
			isa = PBXProject;
			attributes = {
				LastSwiftUpdateCheck = 1000;
				LastUpgradeCheck = 1000;
				ORGANIZATIONNAME = "Vimal Das";
				TargetAttributes = {
					025B450421A6790100607301 = {
						CreatedOnToolsVersion = 10.0;
					};
				};
			};
			buildConfigurationList = 025B450021A6790100607301 /* Build configuration list for PBXProject "DemoScrollPage" */;
			compatibilityVersion = "Xcode 9.3";
			developmentRegion = en;
			hasScannedForEncodings = 0;
			knownRegions = (
				en,
				Base,
			);
			mainGroup = 025B44FC21A6790100607301;
			productRefGroup = 025B450621A6790100607301 /* Products */;
			projectDirPath = "";
			projectRoot = "";
			targets = (
				025B450421A6790100607301 /* DemoScrollPage */,
			);
		};
/* End PBXProject section */

/* Begin PBXResourcesBuildPhase section */
		025B450321A6790100607301 /* Resources */ = {
			isa = PBXResourcesBuildPhase;
			buildActionMask = 2147483647;
			files = (
				025B451621A6790300607301 /* LaunchScreen.storyboard in Resources */,
				025B451321A6790300607301 /* Assets.xcassets in Resources */,
				025B450E21A6790100607301 /* Main.storyboard in Resources */,
			);
			runOnlyForDeploymentPostprocessing = 0;
		};
/* End PBXResourcesBuildPhase section */

/* Begin PBXSourcesBuildPhase section */
		025B450121A6790100607301 /* Sources */ = {
			isa = PBXSourcesBuildPhase;
			buildActionMask = 2147483647;
			files = (
				025B451121A6790100607301 /* DemoScrollPage.xcdatamodeld in Sources */,
				025B450B21A6790100607301 /* ViewController.swift in Sources */,
				025B450921A6790100607301 /* AppDelegate.swift in Sources */,
			);
			runOnlyForDeploymentPostprocessing = 0;
		};
/* End PBXSourcesBuildPhase section */

/* Begin PBXVariantGroup section */
		025B450C21A6790100607301 /* Main.storyboard */ = {
			isa = PBXVariantGroup;
			children = (
				025B450D21A6790100607301 /* Base */,
			);
			name = Main.storyboard;
			sourceTree = "<group>";
		};
		025B451421A6790300607301 /* LaunchScreen.storyboard */ = {
			isa = PBXVariantGroup;
			children = (
				025B451521A6790300607301 /* Base */,
			);
			name = LaunchScreen.storyboard;
			sourceTree = "<group>";
		};
/* End PBXVariantGroup section */

/* Begin XCBuildConfiguration section */
		025B451821A6790300607301 /* Debug */ = {
			isa = XCBuildConfiguration;
			buildSettings = {
				ALWAYS_SEARCH_USER_PATHS = NO;
				CLANG_ANALYZER_NONNULL = YES;
				CLANG_ANALYZER_NUMBER_OBJECT_CONVERSION = YES_AGGRESSIVE;
				CLANG_CXX_LANGUAGE_STANDARD = "gnu++14";
				CLANG_CXX_LIBRARY = "libc++";
				CLANG_ENABLE_MODULES = YES;
				CLANG_ENABLE_OBJC_ARC = YES;
				CLANG_ENABLE_OBJC_WEAK = YES;
				CLANG_WARN_BLOCK_CAPTURE_AUTORELEASING = YES;
				CLANG_WARN_BOOL_CONVERSION = YES;
				CLANG_WARN_COMMA = YES;
				CLANG_WARN_CONSTANT_CONVERSION = YES;
				CLANG_WARN_DEPRECATED_OBJC_IMPLEMENTATIONS = YES;
				CLANG_WARN_DIRECT_OBJC_ISA_USAGE = YES_ERROR;
				CLANG_WARN_DOCUMENTATION_COMMENTS = YES;
				CLANG_WARN_EMPTY_BODY = YES;
				CLANG_WARN_ENUM_CONVERSION = YES;
				CLANG_WARN_INFINITE_RECURSION = YES;
				CLANG_WARN_INT_CONVERSION = YES;
				CLANG_WARN_NON_LITERAL_NULL_CONVERSION = YES;
				CLANG_WARN_OBJC_IMPLICIT_RETAIN_SELF = YES;
				CLANG_WARN_OBJC_LITERAL_CONVERSION = YES;
				CLANG_WARN_OBJC_ROOT_CLASS = YES_ERROR;
				CLANG_WARN_RANGE_LOOP_ANALYSIS = YES;
				CLANG_WARN_STRICT_PROTOTYPES = YES;
				CLANG_WARN_SUSPICIOUS_MOVE = YES;
				CLANG_WARN_UNGUARDED_AVAILABILITY = YES_AGGRESSIVE;
				CLANG_WARN_UNREACHABLE_CODE = YES;
				CLANG_WARN__DUPLICATE_METHOD_MATCH = YES;
				CODE_SIGN_IDENTITY = "iPhone Developer";
				COPY_PHASE_STRIP = NO;
				DEBUG_INFORMATION_FORMAT = dwarf;
				ENABLE_STRICT_OBJC_MSGSEND = YES;
				ENABLE_TESTABILITY = YES;
				GCC_C_LANGUAGE_STANDARD = gnu11;
				GCC_DYNAMIC_NO_PIC = NO;
				GCC_NO_COMMON_BLOCKS = YES;
				GCC_OPTIMIZATION_LEVEL = 0;
				GCC_PREPROCESSOR_DEFINITIONS = (
					"DEBUG=1",
					"$(inherited)",
				);
				GCC_WARN_64_TO_32_BIT_CONVERSION = YES;
				GCC_WARN_ABOUT_RETURN_TYPE = YES_ERROR;
				GCC_WARN_UNDECLARED_SELECTOR = YES;
				GCC_WARN_UNINITIALIZED_AUTOS = YES_AGGRESSIVE;
				GCC_WARN_UNUSED_FUNCTION = YES;
				GCC_WARN_UNUSED_VARIABLE = YES;
				IPHONEOS_DEPLOYMENT_TARGET = 12.0;
				MTL_ENABLE_DEBUG_INFO = INCLUDE_SOURCE;
				MTL_FAST_MATH = YES;
				ONLY_ACTIVE_ARCH = YES;
				SDKROOT = iphoneos;
				SWIFT_ACTIVE_COMPILATION_CONDITIONS = DEBUG;
				SWIFT_OPTIMIZATION_LEVEL = "-Onone";
			};
			name = Debug;
		};
		025B451921A6790300607301 /* Release */ = {
			isa = XCBuildConfiguration;
			buildSettings = {
				ALWAYS_SEARCH_USER_PATHS = NO;
				CLANG_ANALYZER_NONNULL = YES;
				CLANG_ANALYZER_NUMBER_OBJECT_CONVERSION = YES_AGGRESSIVE;
				CLANG_CXX_LANGUAGE_STANDARD = "gnu++14";
				CLANG_CXX_LIBRARY = "libc++";
				CLANG_ENABLE_MODULES = YES;
				CLANG_ENABLE_OBJC_ARC = YES;
				CLANG_ENABLE_OBJC_WEAK = YES;
				CLANG_WARN_BLOCK_CAPTURE_AUTORELEASING = YES;
				CLANG_WARN_BOOL_CONVERSION = YES;
				CLANG_WARN_COMMA = YES;
				CLANG_WARN_CONSTANT_CONVERSION = YES;
				CLANG_WARN_DEPRECATED_OBJC_IMPLEMENTATIONS = YES;
				CLANG_WARN_DIRECT_OBJC_ISA_USAGE = YES_ERROR;
				CLANG_WARN_DOCUMENTATION_COMMENTS = YES;
				CLANG_WARN_EMPTY_BODY = YES;
				CLANG_WARN_ENUM_CONVERSION = YES;
				CLANG_WARN_INFINITE_RECURSION = YES;
				CLANG_WARN_INT_CONVERSION = YES;
				CLANG_WARN_NON_LITERAL_NULL_CONVERSION = YES;
				CLANG_WARN_OBJC_IMPLICIT_RETAIN_SELF = YES;
				CLANG_WARN_OBJC_LITERAL_CONVERSION = YES;
				CLANG_WARN_OBJC_ROOT_CLASS = YES_ERROR;
				CLANG_WARN_RANGE_LOOP_ANALYSIS = YES;
				CLANG_WARN_STRICT_PROTOTYPES = YES;
				CLANG_WARN_SUSPICIOUS_MOVE = YES;
				CLANG_WARN_UNGUARDED_AVAILABILITY = YES_AGGRESSIVE;
				CLANG_WARN_UNREACHABLE_CODE = YES;
				CLANG_WARN__DUPLICATE_METHOD_MATCH = YES;
				CODE_SIGN_IDENTITY = "iPhone Developer";
				COPY_PHASE_STRIP = NO;
				DEBUG_INFORMATION_FORMAT = "dwarf-with-dsym";
				ENABLE_NS_ASSERTIONS = NO;
				ENABLE_STRICT_OBJC_MSGSEND = YES;
				GCC_C_LANGUAGE_STANDARD = gnu11;
				GCC_NO_COMMON_BLOCKS = YES;
				GCC_WARN_64_TO_32_BIT_CONVERSION = YES;
				GCC_WARN_ABOUT_RETURN_TYPE = YES_ERROR;
				GCC_WARN_UNDECLARED_SELECTOR = YES;
				GCC_WARN_UNINITIALIZED_AUTOS = YES_AGGRESSIVE;
				GCC_WARN_UNUSED_FUNCTION = YES;
				GCC_WARN_UNUSED_VARIABLE = YES;
				IPHONEOS_DEPLOYMENT_TARGET = 12.0;
				MTL_ENABLE_DEBUG_INFO = NO;
				MTL_FAST_MATH = YES;
				SDKROOT = iphoneos;
				SWIFT_COMPILATION_MODE = wholemodule;
				SWIFT_OPTIMIZATION_LEVEL = "-O";
				VALIDATE_PRODUCT = YES;
			};
			name = Release;
		};
		025B451B21A6790300607301 /* Debug */ = {
			isa = XCBuildConfiguration;
			buildSettings = {
				ASSETCATALOG_COMPILER_APPICON_NAME = AppIcon;
				CODE_SIGN_STYLE = Automatic;
				DEVELOPMENT_TEAM = R5G5Y6XAFM;
				INFOPLIST_FILE = DemoScrollPage/Info.plist;
				LD_RUNPATH_SEARCH_PATHS = (
					"$(inherited)",
					"@executable_path/Frameworks",
				);
				PRODUCT_BUNDLE_IDENTIFIER = com.kawika.DemoScrollPage;
				PRODUCT_NAME = "$(TARGET_NAME)";
				SWIFT_VERSION = 4.2;
				TARGETED_DEVICE_FAMILY = "1,2";
			};
			name = Debug;
		};
		025B451C21A6790300607301 /* Release */ = {
			isa = XCBuildConfiguration;
			buildSettings = {
				ASSETCATALOG_COMPILER_APPICON_NAME = AppIcon;
				CODE_SIGN_STYLE = Automatic;
				DEVELOPMENT_TEAM = R5G5Y6XAFM;
				INFOPLIST_FILE = DemoScrollPage/Info.plist;
				LD_RUNPATH_SEARCH_PATHS = (
					"$(inherited)",
					"@executable_path/Frameworks",
				);
				PRODUCT_BUNDLE_IDENTIFIER = com.kawika.DemoScrollPage;
				PRODUCT_NAME = "$(TARGET_NAME)";
				SWIFT_VERSION = 4.2;
				TARGETED_DEVICE_FAMILY = "1,2";
			};
			name = Release;
		};
/* End XCBuildConfiguration section */

/* Begin XCConfigurationList section */
		025B450021A6790100607301 /* Build configuration list for PBXProject "DemoScrollPage" */ = {
			isa = XCConfigurationList;
			buildConfigurations = (
				025B451821A6790300607301 /* Debug */,
				025B451921A6790300607301 /* Release */,
			);
			defaultConfigurationIsVisible = 0;
			defaultConfigurationName = Release;
		};
		025B451A21A6790300607301 /* Build configuration list for PBXNativeTarget "DemoScrollPage" */ = {
			isa = XCConfigurationList;
			buildConfigurations = (
				025B451B21A6790300607301 /* Debug */,
				025B451C21A6790300607301 /* Release */,
			);
			defaultConfigurationIsVisible = 0;
			defaultConfigurationName = Release;
		};
/* End XCConfigurationList section */

/* Begin XCVersionGroup section */
		025B450F21A6790100607301 /* DemoScrollPage.xcdatamodeld */ = {
			isa = XCVersionGroup;
			children = (
				025B451021A6790100607301 /* DemoScrollPage.xcdatamodel */,
			);
			currentVersion = 025B451021A6790100607301 /* DemoScrollPage.xcdatamodel */;
			path = DemoScrollPage.xcdatamodeld;
			sourceTree = "<group>";
			versionGroupType = wrapper.xcdatamodel;
		};
/* End XCVersionGroup section */
	};
	rootObject = 025B44FD21A6790100607301 /* Project object */;
}
